<?xml version="1.0" encoding="utf-8"?>
<Project ToolsVersion="4.0" xmlns="http://schemas.microsoft.com/developer/msbuild/2003">
  <ItemGroup>
    <Filter Include="Source Files">
      <UniqueIdentifier>{4FC737F1-C7A5-4376-A066-2A32D752A2FF}</UniqueIdentifier>
      <Extensions>cpp;c;cc;cxx;def;odl;idl;hpj;bat;asm;asmx</Extensions>
    </Filter>
    <Filter Include="Header Files">
      <UniqueIdentifier>{93995380-89BD-4b04-88EB-625FBE52EBFB}</UniqueIdentifier>
      <Extensions>h;hh;hpp;hxx;hm;inl;inc;xsd</Extensions>
    </Filter>
    <Filter Include="Resource Files">
      <UniqueIdentifier>{67DA6AB6-F800-4c08-8B7A-83BB121AAD01}</UniqueIdentifier>
      <Extensions>rc;ico;cur;bmp;dlg;rc2;rct;bin;rgs;gif;jpg;jpeg;jpe;resx;tiff;tif;png;wav;mfcribbon-ms</Extensions>
    </Filter>
  </ItemGroup>
  <ItemGroup>
    <ClCompile Include="..\src\flHidLib.cpp">
      <Filter>Source Files</Filter>
    </ClCompile>
    <ClCompile Include="..\src\flLog.cpp">
      <Filter>Source Files</Filter>
    </ClCompile>
    <ClCompile Include="..\src\flPlatformThread.cpp">
      <Filter>Source Files</Filter>
    </ClCompile>
    <ClCompile Include="..\src\flSimpleMath.cpp">
      <Filter>Source Files</Filter>
    </ClCompile>
    <ClCompile Include="..\src\flThreadCritical.cpp">
      <Filter>Source Files</Filter>
    </ClCompile>
    <ClCompile Include="..\src\flWiiLib.cpp">
      <Filter>Source Files</Filter>
    </ClCompile>
    <ClCompile Include="..\src\flWiiLibCommon.cpp">
      <Filter>Source Files</Filter>
    </ClCompile>
    <ClCompile Include="..\src\flWiiRemote.cpp">
      <Filter>Source Files</Filter>
    </ClCompile>
    <ClCompile Include="..\src\flBluetoothLib.cpp">
      <Filter>Source Files</Filter>
    </ClCompile>
    <ClCompile Include="..\src\WBLibAPI.cpp">
      <Filter>Source Files</Filter>
    </ClCompile>
  </ItemGroup>
  <ItemGroup>
    <ClInclude Include="..\src\flPlatformMacro.h">
      <Filter>Header Files</Filter>
    </ClInclude>
    <ClInclude Include="..\src\flPlatformThread.h">
      <Filter>Header Files</Filter>
    </ClInclude>
    <ClInclude Include="..\src\flSimpleMath.h">
      <Filter>Header Files</Filter>
    </ClInclude>
    <ClInclude Include="..\src\flThreadCritical.h">
      <Filter>Header Files</Filter>
    </ClInclude>
    <ClInclude Include="..\src\flWiiLib.h">
      <Filter>Header Files</Filter>
    </ClInclude>
    <ClInclude Include="..\src\flWiiLibCommon.h">
      <Filter>Header Files</Filter>
    </ClInclude>
    <ClInclude Include="..\src\flWiiRemote.h">
      <Filter>Header Files</Filter>
    </ClInclude>
    <ClInclude Include="..\src\flBluetoothLib.h">
      <Filter>Header Files</Filter>
    </ClInclude>
    <ClInclude Include="..\src\flCore.h">
      <Filter>Header Files</Filter>
    </ClInclude>
    <ClInclude Include="..\src\flDataType.h">
      <Filter>Header Files</Filter>
    </ClInclude>
    <ClInclude Include="..\src\flHidLib.h">
      <Filter>Header Files</Filter>
    </ClInclude>
    <ClInclude Include="..\src\flLog.h">
      <Filter>Header Files</Filter>
    </ClInclude>
    <ClInclude Include="..\src\WBLibAPI.h">
      <Filter>Header Files</Filter>
    </ClInclude>
  </ItemGroup>
</Project>